
Microsoft Visual Studio Solution File, Format Version 12.00
# Visual Studio Version 16
VisualStudioVersion = 16.0.28803.452
MinimumVisualStudioVersion = 10.0.40219.1
Project("{FAE04EC0-301F-11D3-BF4B-00C04F79EFBC}") = "SqaTriangle", "SqaTriangle\SqaTriangle.csproj", "{BA6A63AD-A75F-412B-B0EB-766DAB676BAD}"
EndProject
Project("{FAE04EC0-301F-11D3-BF4B-00C04F79EFBC}") = "TriagleTestCases", "TriagleTestCases\TriagleTestCases.csproj", "{19898B24-409A-4556-8236-538535CAB4C3}"
EndProject
Global
	GlobalSection(SolutionConfigurationPlatforms) = preSolution
		Debug|Any CPU = Debug|Any CPU
		Release|Any CPU = Release|Any CPU
	EndGlobalSection
	GlobalSection(ProjectConfigurationPlatforms) = postSolution
		{BA6A63AD-A75F-412B-B0EB-766DAB676BAD}.Debug|Any CPU.ActiveCfg = Debug|Any CPU
		{BA6A63AD-A75F-412B-B0EB-766DAB676BAD}.Debug|Any CPU.Build.0 = Debug|Any CPU
		{BA6A63AD-A75F-412B-B0EB-766DAB676BAD}.Release|Any CPU.ActiveCfg = Release|Any CPU
		{BA6A63AD-A75F-412B-B0EB-766DAB676BAD}.Release|Any CPU.Build.0 = Release|Any CPU
		{19898B24-409A-4556-8236-538535CAB4C3}.Debug|Any CPU.ActiveCfg = Debug|Any CPU
		{19898B24-409A-4556-8236-538535CAB4C3}.Debug|Any CPU.Build.0 = Debug|Any CPU
		{19898B24-409A-4556-8236-538535CAB4C3}.Release|Any CPU.ActiveCfg = Release|Any CPU
		{19898B24-409A-4556-8236-538535CAB4C3}.Release|Any CPU.Build.0 = Release|Any CPU
	EndGlobalSection
	GlobalSection(SolutionProperties) = preSolution
		HideSolutionNode = FALSE
	EndGlobalSection
	GlobalSection(ExtensibilityGlobals) = postSolution
		SolutionGuid = {0D021FD2-0FE0-4D9F-951A-D0336C7E425C}
	EndGlobalSection
EndGlobal
